
Microsoft Visual Studio Solution File, Format Version 12.00
# Visual Studio 15
VisualStudioVersion = 15.0.27703.2026
MinimumVisualStudioVersion = 10.0.40219.1
Project("{8BC9CEB8-8B4A-11D0-8D11-00A0C91BC942}") = "nastyboi", "nastyboi\nastyboi.vcxproj", "{C697E4C8-0897-4B33-9379-7E1898448265}"
EndProject
Global
	GlobalSection(SolutionConfigurationPlatforms) = preSolution
		Debug|x64 = Debug|x64
		Debug|x86 = Debug|x86
		Release|x64 = Release|x64
		Release|x86 = Release|x86
	EndGlobalSection
	GlobalSection(ProjectConfigurationPlatforms) = postSolution
		{C697E4C8-0897-4B33-9379-7E1898448265}.Debug|x64.ActiveCfg = Debug|x64
		{C697E4C8-0897-4B33-9379-7E1898448265}.Debug|x64.Build.0 = Debug|x64
		{C697E4C8-0897-4B33-9379-7E1898448265}.Debug|x86.ActiveCfg = Debug|Win32
		{C697E4C8-0897-4B33-9379-7E1898448265}.Debug|x86.Build.0 = Debug|Win32
		{C697E4C8-0897-4B33-9379-7E1898448265}.Release|x64.ActiveCfg = Release|x64
		{C697E4C8-0897-4B33-9379-7E1898448265}.Release|x64.Build.0 = Release|x64
		{C697E4C8-0897-4B33-9379-7E1898448265}.Release|x86.ActiveCfg = Release|Win32
		{C697E4C8-0897-4B33-9379-7E1898448265}.Release|x86.Build.0 = Release|Win32
	EndGlobalSection
	GlobalSection(SolutionProperties) = preSolution
		HideSolutionNode = FALSE
	EndGlobalSection
	GlobalSection(ExtensibilityGlobals) = postSolution
		SolutionGuid = {B7F19C06-25A3-498A-8C88-559ECBFBC449}
	EndGlobalSection
EndGlobal
